# Generated by SigNoz Foundry (foundryctl forge)
# Do not edit manually.
version: 1
checksum: "sha256:8f4c2e6b91a7d3f0e8a5b2c4d6f9e1a3b7c8d9e0f1a2b3c4d5e6f7a8b9c0d1e2"
resolved:
  signoz:
    chart: "signoz/signoz"
    version: "0.112.0"
    repository: "https://charts.signoz.io"
  clickhouse:
    chart: "signoz/clickhouse"
    version: "24.3.2"
    mode: "single-node"
  pipeline:
    receivers:
      otlp:
        enabled: true
        grpc_port: 4317
        http_port: 4318
    processors:
      telemetryhealth:
        enabled: true
        version: "0.1.0"
    exporters:
      signoz:
        dashboard_path: "./signoz_implementations/agent_health.json"
        alerts_path: "./alerts/telemetry-health-alerts.yaml"
  mcp_tools:
    server: "stitch"
    enabled: true
    tools:
      - "create_project"
      - "get_project"
      - "list_projects"
      - "list_screens"
      - "get_screen"
pours:
  path: "pours"
  generated_at: "2026-07-09T00:00:00Z"

